// !$*UTF8*$!
{
	archiveVersion = 1;
	classes = {
	};
	objectVersion = 48;
	objects = {

/* Begin PBXBuildFile section */
		5F8E33B71FBC7BDC00062B0F /* AppDelegate.swift in Sources */ = {isa = PBXBuildFile; fileRef = 5F8E33B61FBC7BDC00062B0F /* AppDelegate.swift */; };
		5F8E33B91FBC7BDC00062B0F /* ViewController.swift in Sources */ = {isa = PBXBuildFile; fileRef = 5F8E33B81FBC7BDC00062B0F /* ViewController.swift */; };
		5F8E33BC1FBC7BDC00062B0F /* Main.storyboard in Resources */ = {isa = PBXBuildFile; fileRef = 5F8E33BA1FBC7BDC00062B0F /* Main.storyboard */; };
		5F8E33BE1FBC7BDC00062B0F /* Assets.xcassets in Resources */ = {isa = PBXBuildFile; fileRef = 5F8E33BD1FBC7BDC00062B0F /* Assets.xcassets */; };
		5F8E33C11FBC7BDC00062B0F /* LaunchScreen.storyboard in Resources */ = {isa = PBXBuildFile; fileRef = 5F8E33BF1FBC7BDC00062B0F /* LaunchScreen.storyboard */; };
		5FB733811FC46F02004A285C /* DetailViewController.swift in Sources */ = {isa = PBXBuildFile; fileRef = 5FB733801FC46F02004A285C /* DetailViewController.swift */; };
		5FF168021FC2669D008CE219 /* ShinePieChart.swift in Sources */ = {isa = PBXBuildFile; fileRef = 5FF168011FC2669D008CE219 /* ShinePieChart.swift */; };
		5FF168041FC303BD008CE219 /* ShineLineChart.swift in Sources */ = {isa = PBXBuildFile; fileRef = 5FF168031FC303BD008CE219 /* ShineLineChart.swift */; };
		5FF168061FC30707008CE219 /* ShineBarChart.swift in Sources */ = {isa = PBXBuildFile; fileRef = 5FF168051FC30707008CE219 /* ShineBarChart.swift */; };
		5FF168081FC31E16008CE219 /* ShineBaseChart.swift in Sources */ = {isa = PBXBuildFile; fileRef = 5FF168071FC31E16008CE219 /* ShineBaseChart.swift */; };
/* End PBXBuildFile section */

/* Begin PBXFileReference section */
		5F8E33B31FBC7BDC00062B0F /* ShineChart.app */ = {isa = PBXFileReference; explicitFileType = wrapper.application; includeInIndex = 0; path = ShineChart.app; sourceTree = BUILT_PRODUCTS_DIR; };
		5F8E33B61FBC7BDC00062B0F /* AppDelegate.swift */ = {isa = PBXFileReference; lastKnownFileType = sourcecode.swift; path = AppDelegate.swift; sourceTree = "<group>"; };
		5F8E33B81FBC7BDC00062B0F /* ViewController.swift */ = {isa = PBXFileReference; lastKnownFileType = sourcecode.swift; path = ViewController.swift; sourceTree = "<group>"; };
		5F8E33BB1FBC7BDC00062B0F /* Base */ = {isa = PBXFileReference; lastKnownFileType = file.storyboard; name = Base; path = Base.lproj/Main.storyboard; sourceTree = "<group>"; };
		5F8E33BD1FBC7BDC00062B0F /* Assets.xcassets */ = {isa = PBXFileReference; lastKnownFileType = folder.assetcatalog; path = Assets.xcassets; sourceTree = "<group>"; };
		5F8E33C01FBC7BDC00062B0F /* Base */ = {isa = PBXFileReference; lastKnownFileType = file.storyboard; name = Base; path = Base.lproj/LaunchScreen.storyboard; sourceTree = "<group>"; };
		5F8E33C21FBC7BDC00062B0F /* Info.plist */ = {isa = PBXFileReference; lastKnownFileType = text.plist.xml; path = Info.plist; sourceTree = "<group>"; };
		5FB733801FC46F02004A285C /* DetailViewController.swift */ = {isa = PBXFileReference; lastKnownFileType = sourcecode.swift; path = DetailViewController.swift; sourceTree = "<group>"; };
		5FF168011FC2669D008CE219 /* ShinePieChart.swift */ = {isa = PBXFileReference; lastKnownFileType = sourcecode.swift; path = ShinePieChart.swift; sourceTree = "<group>"; };
		5FF168031FC303BD008CE219 /* ShineLineChart.swift */ = {isa = PBXFileReference; lastKnownFileType = sourcecode.swift; path = ShineLineChart.swift; sourceTree = "<group>"; };
		5FF168051FC30707008CE219 /* ShineBarChart.swift */ = {isa = PBXFileReference; lastKnownFileType = sourcecode.swift; path = ShineBarChart.swift; sourceTree = "<group>"; };
		5FF168071FC31E16008CE219 /* ShineBaseChart.swift */ = {isa = PBXFileReference; lastKnownFileType = sourcecode.swift; path = ShineBaseChart.swift; sourceTree = "<group>"; };
/* End PBXFileReference section */

/* Begin PBXFrameworksBuildPhase section */
		5F8E33B01FBC7BDC00062B0F /* Frameworks */ = {
			isa = PBXFrameworksBuildPhase;
			buildActionMask = 2147483647;
			files = (
			);
			runOnlyForDeploymentPostprocessing = 0;
		};
/* End PBXFrameworksBuildPhase section */

/* Begin PBXGroup section */
		5F8E33AA1FBC7BDC00062B0F = {
			isa = PBXGroup;
			children = (
				5F8E33B51FBC7BDC00062B0F /* ShineChart */,
				5F8E33B41FBC7BDC00062B0F /* Products */,
			);
			sourceTree = "<group>";
		};
		5F8E33B41FBC7BDC00062B0F /* Products */ = {
			isa = PBXGroup;
			children = (
				5F8E33B31FBC7BDC00062B0F /* ShineChart.app */,
			);
			name = Products;
			sourceTree = "<group>";
		};
		5F8E33B51FBC7BDC00062B0F /* ShineChart */ = {
			isa = PBXGroup;
			children = (
				5F8E33C81FBC7F3E00062B0F /* ShineChart */,
				5F8E33B61FBC7BDC00062B0F /* AppDelegate.swift */,
				5F8E33B81FBC7BDC00062B0F /* ViewController.swift */,
				5FB733801FC46F02004A285C /* DetailViewController.swift */,
				5F8E33BA1FBC7BDC00062B0F /* Main.storyboard */,
				5F8E33BD1FBC7BDC00062B0F /* Assets.xcassets */,
				5F8E33BF1FBC7BDC00062B0F /* LaunchScreen.storyboard */,
				5F8E33C21FBC7BDC00062B0F /* Info.plist */,
			);
			path = ShineChart;
			sourceTree = "<group>";
		};
		5F8E33C81FBC7F3E00062B0F /* ShineChart */ = {
			isa = PBXGroup;
			children = (
				5FF168071FC31E16008CE219 /* ShineBaseChart.swift */,
				5FF168011FC2669D008CE219 /* ShinePieChart.swift */,
				5FF168031FC303BD008CE219 /* ShineLineChart.swift */,
				5FF168051FC30707008CE219 /* ShineBarChart.swift */,
				5F8E33C91FBC7F3E00062B0F /* Resource */,
			);
			path = ShineChart;
			sourceTree = "<group>";
		};
		5F8E33C91FBC7F3E00062B0F /* Resource */ = {
			isa = PBXGroup;
			children = (
			);
			path = Resource;
			sourceTree = "<group>";
		};
/* End PBXGroup section */

/* Begin PBXNativeTarget section */
		5F8E33B21FBC7BDC00062B0F /* ShineChart */ = {
			isa = PBXNativeTarget;
			buildConfigurationList = 5F8E33C51FBC7BDC00062B0F /* Build configuration list for PBXNativeTarget "ShineChart" */;
			buildPhases = (
				5F8E33AF1FBC7BDC00062B0F /* Sources */,
				5F8E33B01FBC7BDC00062B0F /* Frameworks */,
				5F8E33B11FBC7BDC00062B0F /* Resources */,
			);
			buildRules = (
			);
			dependencies = (
			);
			name = ShineChart;
			productName = ShineChart;
			productReference = 5F8E33B31FBC7BDC00062B0F /* ShineChart.app */;
			productType = "com.apple.product-type.application";
		};
/* End PBXNativeTarget section */

/* Begin PBXProject section */
		5F8E33AB1FBC7BDC00062B0F /* Project object */ = {
			isa = PBXProject;
			attributes = {
				LastSwiftUpdateCheck = 0910;
				LastUpgradeCheck = 0910;
				ORGANIZATIONNAME = BraveShine;
				TargetAttributes = {
					5F8E33B21FBC7BDC00062B0F = {
						CreatedOnToolsVersion = 9.1;
						ProvisioningStyle = Automatic;
					};
				};
			};
			buildConfigurationList = 5F8E33AE1FBC7BDC00062B0F /* Build configuration list for PBXProject "ShineChart" */;
			compatibilityVersion = "Xcode 8.0";
			developmentRegion = en;
			hasScannedForEncodings = 0;
			knownRegions = (
				en,
				Base,
			);
			mainGroup = 5F8E33AA1FBC7BDC00062B0F;
			productRefGroup = 5F8E33B41FBC7BDC00062B0F /* Products */;
			projectDirPath = "";
			projectRoot = "";
			targets = (
				5F8E33B21FBC7BDC00062B0F /* ShineChart */,
			);
		};
/* End PBXProject section */

/* Begin PBXResourcesBuildPhase section */
		5F8E33B11FBC7BDC00062B0F /* Resources */ = {
			isa = PBXResourcesBuildPhase;
			buildActionMask = 2147483647;
			files = (
				5F8E33C11FBC7BDC00062B0F /* LaunchScreen.storyboard in Resources */,
				5F8E33BE1FBC7BDC00062B0F /* Assets.xcassets in Resources */,
				5F8E33BC1FBC7BDC00062B0F /* Main.storyboard in Resources */,
			);
			runOnlyForDeploymentPostprocessing = 0;
		};
/* End PBXResourcesBuildPhase section */

/* Begin PBXSourcesBuildPhase section */
		5F8E33AF1FBC7BDC00062B0F /* Sources */ = {
			isa = PBXSourcesBuildPhase;
			buildActionMask = 2147483647;
			files = (
				5FF168041FC303BD008CE219 /* ShineLineChart.swift in Sources */,
				5F8E33B91FBC7BDC00062B0F /* ViewController.swift in Sources */,
				5F8E33B71FBC7BDC00062B0F /* AppDelegate.swift in Sources */,
				5FF168061FC30707008CE219 /* ShineBarChart.swift in Sources */,
				5FF168021FC2669D008CE219 /* ShinePieChart.swift in Sources */,
				5FF168081FC31E16008CE219 /* ShineBaseChart.swift in Sources */,
				5FB733811FC46F02004A285C /* DetailViewController.swift in Sources */,
			);
			runOnlyForDeploymentPostprocessing = 0;
		};
/* End PBXSourcesBuildPhase section */

/* Begin PBXVariantGroup section */
		5F8E33BA1FBC7BDC00062B0F /* Main.storyboard */ = {
			isa = PBXVariantGroup;
			children = (
				5F8E33BB1FBC7BDC00062B0F /* Base */,
			);
			name = Main.storyboard;
			sourceTree = "<group>";
		};
		5F8E33BF1FBC7BDC00062B0F /* LaunchScreen.storyboard */ = {
			isa = PBXVariantGroup;
			children = (
				5F8E33C01FBC7BDC00062B0F /* Base */,
			);
			name = LaunchScreen.storyboard;
			sourceTree = "<group>";
		};
/* End PBXVariantGroup section */

/* Begin XCBuildConfiguration section */
		5F8E33C31FBC7BDC00062B0F /* Debug */ = {
			isa = XCBuildConfiguration;
			buildSettings = {
				ALWAYS_SEARCH_USER_PATHS = NO;
				CLANG_ANALYZER_NONNULL = YES;
				CLANG_ANALYZER_NUMBER_OBJECT_CONVERSION = YES_AGGRESSIVE;
				CLANG_CXX_LANGUAGE_STANDARD = "gnu++14";
				CLANG_CXX_LIBRARY = "libc++";
				CLANG_ENABLE_MODULES = YES;
				CLANG_ENABLE_OBJC_ARC = YES;
				CLANG_WARN_BLOCK_CAPTURE_AUTORELEASING = YES;
				CLANG_WARN_BOOL_CONVERSION = YES;
				CLANG_WARN_COMMA = YES;
				CLANG_WARN_CONSTANT_CONVERSION = YES;
				CLANG_WARN_DIRECT_OBJC_ISA_USAGE = YES_ERROR;
				CLANG_WARN_DOCUMENTATION_COMMENTS = YES;
				CLANG_WARN_EMPTY_BODY = YES;
				CLANG_WARN_ENUM_CONVERSION = YES;
				CLANG_WARN_INFINITE_RECURSION = YES;
				CLANG_WARN_INT_CONVERSION = YES;
				CLANG_WARN_NON_LITERAL_NULL_CONVERSION = YES;
				CLANG_WARN_OBJC_LITERAL_CONVERSION = YES;
				CLANG_WARN_OBJC_ROOT_CLASS = YES_ERROR;
				CLANG_WARN_RANGE_LOOP_ANALYSIS = YES;
				CLANG_WARN_STRICT_PROTOTYPES = YES;
				CLANG_WARN_SUSPICIOUS_MOVE = YES;
				CLANG_WARN_UNGUARDED_AVAILABILITY = YES_AGGRESSIVE;
				CLANG_WARN_UNREACHABLE_CODE = YES;
				CLANG_WARN__DUPLICATE_METHOD_MATCH = YES;
				CODE_SIGN_IDENTITY = "iPhone Developer";
				COPY_PHASE_STRIP = NO;
				DEBUG_INFORMATION_FORMAT = dwarf;
				ENABLE_STRICT_OBJC_MSGSEND = YES;
				ENABLE_TESTABILITY = YES;
				GCC_C_LANGUAGE_STANDARD = gnu11;
				GCC_DYNAMIC_NO_PIC = NO;
				GCC_NO_COMMON_BLOCKS = YES;
				GCC_OPTIMIZATION_LEVEL = 0;
				GCC_PREPROCESSOR_DEFINITIONS = (
					"DEBUG=1",
					"$(inherited)",
				);
				GCC_WARN_64_TO_32_BIT_CONVERSION = YES;
				GCC_WARN_ABOUT_RETURN_TYPE = YES_ERROR;
				GCC_WARN_UNDECLARED_SELECTOR = YES;
				GCC_WARN_UNINITIALIZED_AUTOS = YES_AGGRESSIVE;
				GCC_WARN_UNUSED_FUNCTION = YES;
				GCC_WARN_UNUSED_VARIABLE = YES;
				IPHONEOS_DEPLOYMENT_TARGET = 11.1;
				MTL_ENABLE_DEBUG_INFO = YES;
				ONLY_ACTIVE_ARCH = YES;
				SDKROOT = iphoneos;
				SWIFT_ACTIVE_COMPILATION_CONDITIONS = DEBUG;
				SWIFT_OPTIMIZATION_LEVEL = "-Onone";
			};
			name = Debug;
		};
		5F8E33C41FBC7BDC00062B0F /* Release */ = {
			isa = XCBuildConfiguration;
			buildSettings = {
				ALWAYS_SEARCH_USER_PATHS = NO;
				CLANG_ANALYZER_NONNULL = YES;
				CLANG_ANALYZER_NUMBER_OBJECT_CONVERSION = YES_AGGRESSIVE;
				CLANG_CXX_LANGUAGE_STANDARD = "gnu++14";
				CLANG_CXX_LIBRARY = "libc++";
				CLANG_ENABLE_MODULES = YES;
				CLANG_ENABLE_OBJC_ARC = YES;
				CLANG_WARN_BLOCK_CAPTURE_AUTORELEASING = YES;
				CLANG_WARN_BOOL_CONVERSION = YES;
				CLANG_WARN_COMMA = YES;
				CLANG_WARN_CONSTANT_CONVERSION = YES;
				CLANG_WARN_DIRECT_OBJC_ISA_USAGE = YES_ERROR;
				CLANG_WARN_DOCUMENTATION_COMMENTS = YES;
				CLANG_WARN_EMPTY_BODY = YES;
				CLANG_WARN_ENUM_CONVERSION = YES;
				CLANG_WARN_INFINITE_RECURSION = YES;
				CLANG_WARN_INT_CONVERSION = YES;
				CLANG_WARN_NON_LITERAL_NULL_CONVERSION = YES;
				CLANG_WARN_OBJC_LITERAL_CONVERSION = YES;
				CLANG_WARN_OBJC_ROOT_CLASS = YES_ERROR;
				CLANG_WARN_RANGE_LOOP_ANALYSIS = YES;
				CLANG_WARN_STRICT_PROTOTYPES = YES;
				CLANG_WARN_SUSPICIOUS_MOVE = YES;
				CLANG_WARN_UNGUARDED_AVAILABILITY = YES_AGGRESSIVE;
				CLANG_WARN_UNREACHABLE_CODE = YES;
				CLANG_WARN__DUPLICATE_METHOD_MATCH = YES;
				CODE_SIGN_IDENTITY = "iPhone Developer";
				COPY_PHASE_STRIP = NO;
				DEBUG_INFORMATION_FORMAT = "dwarf-with-dsym";
				ENABLE_NS_ASSERTIONS = NO;
				ENABLE_STRICT_OBJC_MSGSEND = YES;
				GCC_C_LANGUAGE_STANDARD = gnu11;
				GCC_NO_COMMON_BLOCKS = YES;
				GCC_WARN_64_TO_32_BIT_CONVERSION = YES;
				GCC_WARN_ABOUT_RETURN_TYPE = YES_ERROR;
				GCC_WARN_UNDECLARED_SELECTOR = YES;
				GCC_WARN_UNINITIALIZED_AUTOS = YES_AGGRESSIVE;
				GCC_WARN_UNUSED_FUNCTION = YES;
				GCC_WARN_UNUSED_VARIABLE = YES;
				IPHONEOS_DEPLOYMENT_TARGET = 11.1;
				MTL_ENABLE_DEBUG_INFO = NO;
				SDKROOT = iphoneos;
				SWIFT_OPTIMIZATION_LEVEL = "-Owholemodule";
				VALIDATE_PRODUCT = YES;
			};
			name = Release;
		};
		5F8E33C61FBC7BDC00062B0F /* Debug */ = {
			isa = XCBuildConfiguration;
			buildSettings = {
				ASSETCATALOG_COMPILER_APPICON_NAME = AppIcon;
				"CODE_SIGN_IDENTITY[sdk=iphoneos*]" = "iPhone Developer";
				CODE_SIGN_STYLE = Automatic;
				DEVELOPMENT_TEAM = NV69G85YFB;
				INFOPLIST_FILE = ShineChart/Info.plist;
				IPHONEOS_DEPLOYMENT_TARGET = 9.0;
				LD_RUNPATH_SEARCH_PATHS = "$(inherited) @executable_path/Frameworks";
				PRODUCT_BUNDLE_IDENTIFIER = com.BraceShine.ShineChart;
				PRODUCT_NAME = "$(TARGET_NAME)";
				PROVISIONING_PROFILE_SPECIFIER = "";
				SWIFT_VERSION = 4.0;
				TARGETED_DEVICE_FAMILY = "1,2";
			};
			name = Debug;
		};
		5F8E33C71FBC7BDC00062B0F /* Release */ = {
			isa = XCBuildConfiguration;
			buildSettings = {
				ASSETCATALOG_COMPILER_APPICON_NAME = AppIcon;
				"CODE_SIGN_IDENTITY[sdk=iphoneos*]" = "iPhone Developer";
				CODE_SIGN_STYLE = Automatic;
				DEVELOPMENT_TEAM = NV69G85YFB;
				INFOPLIST_FILE = ShineChart/Info.plist;
				IPHONEOS_DEPLOYMENT_TARGET = 9.0;
				LD_RUNPATH_SEARCH_PATHS = "$(inherited) @executable_path/Frameworks";
				PRODUCT_BUNDLE_IDENTIFIER = com.BraceShine.ShineChart;
				PRODUCT_NAME = "$(TARGET_NAME)";
				PROVISIONING_PROFILE_SPECIFIER = "";
				SWIFT_VERSION = 4.0;
				TARGETED_DEVICE_FAMILY = "1,2";
			};
			name = Release;
		};
/* End XCBuildConfiguration section */

/* Begin XCConfigurationList section */
		5F8E33AE1FBC7BDC00062B0F /* Build configuration list for PBXProject "ShineChart" */ = {
			isa = XCConfigurationList;
			buildConfigurations = (
				5F8E33C31FBC7BDC00062B0F /* Debug */,
				5F8E33C41FBC7BDC00062B0F /* Release */,
			);
			defaultConfigurationIsVisible = 0;
			defaultConfigurationName = Release;
		};
		5F8E33C51FBC7BDC00062B0F /* Build configuration list for PBXNativeTarget "ShineChart" */ = {
			isa = XCConfigurationList;
			buildConfigurations = (
				5F8E33C61FBC7BDC00062B0F /* Debug */,
				5F8E33C71FBC7BDC00062B0F /* Release */,
			);
			defaultConfigurationIsVisible = 0;
			defaultConfigurationName = Release;
		};
/* End XCConfigurationList section */
	};
	rootObject = 5F8E33AB1FBC7BDC00062B0F /* Project object */;
}
